
Microsoft Visual Studio Solution File, Format Version 12.00
# Visual Studio Version 17
VisualStudioVersion = 17.3.32901.215
MinimumVisualStudioVersion = 10.0.40219.1
Project("{9A19103F-16F7-4668-BE54-9A1E7A4F7556}") = "App.Home", "Core_MVC_Bootstrap\App.Home.csproj", "{81268AE8-685D-43DA-8864-91C394AF1FDF}"
EndProject
Project("{FAE04EC0-301F-11D3-BF4B-00C04F79EFBC}") = "App.BLL", "App.BLL\App.BLL.csproj", "{B3C39569-AA50-4B7F-A388-B03B38850900}"
EndProject
Project("{FAE04EC0-301F-11D3-BF4B-00C04F79EFBC}") = "App.DAL", "App.DAL\App.DAL.csproj", "{1736F27E-63CF-42D2-9979-45B52EEBF8A7}"
EndProject
Global
	GlobalSection(SolutionConfigurationPlatforms) = preSolution
		Debug|Any CPU = Debug|Any CPU
		Release|Any CPU = Release|Any CPU
	EndGlobalSection
	GlobalSection(ProjectConfigurationPlatforms) = postSolution
		{81268AE8-685D-43DA-8864-91C394AF1FDF}.Debug|Any CPU.ActiveCfg = Debug|Any CPU
		{81268AE8-685D-43DA-8864-91C394AF1FDF}.Debug|Any CPU.Build.0 = Debug|Any CPU
		{81268AE8-685D-43DA-8864-91C394AF1FDF}.Release|Any CPU.ActiveCfg = Release|Any CPU
		{81268AE8-685D-43DA-8864-91C394AF1FDF}.Release|Any CPU.Build.0 = Release|Any CPU
		{B3C39569-AA50-4B7F-A388-B03B38850900}.Debug|Any CPU.ActiveCfg = Debug|Any CPU
		{B3C39569-AA50-4B7F-A388-B03B38850900}.Debug|Any CPU.Build.0 = Debug|Any CPU
		{B3C39569-AA50-4B7F-A388-B03B38850900}.Release|Any CPU.ActiveCfg = Release|Any CPU
		{B3C39569-AA50-4B7F-A388-B03B38850900}.Release|Any CPU.Build.0 = Release|Any CPU
		{1736F27E-63CF-42D2-9979-45B52EEBF8A7}.Debug|Any CPU.ActiveCfg = Debug|Any CPU
		{1736F27E-63CF-42D2-9979-45B52EEBF8A7}.Debug|Any CPU.Build.0 = Debug|Any CPU
		{1736F27E-63CF-42D2-9979-45B52EEBF8A7}.Release|Any CPU.ActiveCfg = Release|Any CPU
		{1736F27E-63CF-42D2-9979-45B52EEBF8A7}.Release|Any CPU.Build.0 = Release|Any CPU
	EndGlobalSection
	GlobalSection(SolutionProperties) = preSolution
		HideSolutionNode = FALSE
	EndGlobalSection
	GlobalSection(ExtensibilityGlobals) = postSolution
		SolutionGuid = {E6150812-2122-4E1D-93C7-FCF1A403EC51}
	EndGlobalSection
EndGlobal
